// !$*UTF8*$!
{
	archiveVersion = 1;
	classes = {
	};
	objectVersion = 77;
	objects = {

/* Begin PBXBuildFile section */
		EC8285002D5CCCBA00BEE6E5 /* DVFoundation in Frameworks */ = {isa = PBXBuildFile; productRef = EC8284FF2D5CCCBA00BEE6E5 /* DVFoundation */; };
/* End PBXBuildFile section */

/* Begin PBXContainerItemProxy section */
		EC567E812D55FF58008D7EA9 /* PBXContainerItemProxy */ = {
			isa = PBXContainerItemProxy;
			containerPortal = EC567E682D55FF57008D7EA9 /* Project object */;
			proxyType = 1;
			remoteGlobalIDString = EC567E6F2D55FF57008D7EA9;
			remoteInfo = CustomCalendar;
		};
		EC567E8B2D55FF58008D7EA9 /* PBXContainerItemProxy */ = {
			isa = PBXContainerItemProxy;
			containerPortal = EC567E682D55FF57008D7EA9 /* Project object */;
			proxyType = 1;
			remoteGlobalIDString = EC567E6F2D55FF57008D7EA9;
			remoteInfo = CustomCalendar;
		};
/* End PBXContainerItemProxy section */

/* Begin PBXFileReference section */
		EC567E702D55FF57008D7EA9 /* CustomCalendar.app */ = {isa = PBXFileReference; explicitFileType = wrapper.application; includeInIndex = 0; path = CustomCalendar.app; sourceTree = BUILT_PRODUCTS_DIR; };
		EC567E802D55FF58008D7EA9 /* CustomCalendarTests.xctest */ = {isa = PBXFileReference; explicitFileType = wrapper.cfbundle; includeInIndex = 0; path = CustomCalendarTests.xctest; sourceTree = BUILT_PRODUCTS_DIR; };
		EC567E8A2D55FF58008D7EA9 /* CustomCalendarUITests.xctest */ = {isa = PBXFileReference; explicitFileType = wrapper.cfbundle; includeInIndex = 0; path = CustomCalendarUITests.xctest; sourceTree = BUILT_PRODUCTS_DIR; };
/* End PBXFileReference section */

/* Begin PBXFileSystemSynchronizedRootGroup section */
		EC567E722D55FF57008D7EA9 /* CustomCalendar */ = {
			isa = PBXFileSystemSynchronizedRootGroup;
			path = CustomCalendar;
			sourceTree = "<group>";
		};
		EC567E832D55FF58008D7EA9 /* CustomCalendarTests */ = {
			isa = PBXFileSystemSynchronizedRootGroup;
			path = CustomCalendarTests;
			sourceTree = "<group>";
		};
		EC567E8D2D55FF58008D7EA9 /* CustomCalendarUITests */ = {
			isa = PBXFileSystemSynchronizedRootGroup;
			path = CustomCalendarUITests;
			sourceTree = "<group>";
		};
/* End PBXFileSystemSynchronizedRootGroup section */

/* Begin PBXFrameworksBuildPhase section */
		EC567E6D2D55FF57008D7EA9 /* Frameworks */ = {
			isa = PBXFrameworksBuildPhase;
			buildActionMask = 2147483647;
			files = (
				EC8285002D5CCCBA00BEE6E5 /* DVFoundation in Frameworks */,
			);
			runOnlyForDeploymentPostprocessing = 0;
		};
		EC567E7D2D55FF58008D7EA9 /* Frameworks */ = {
			isa = PBXFrameworksBuildPhase;
			buildActionMask = 2147483647;
			files = (
			);
			runOnlyForDeploymentPostprocessing = 0;
		};
		EC567E872D55FF58008D7EA9 /* Frameworks */ = {
			isa = PBXFrameworksBuildPhase;
			buildActionMask = 2147483647;
			files = (
			);
			runOnlyForDeploymentPostprocessing = 0;
		};
/* End PBXFrameworksBuildPhase section */

/* Begin PBXGroup section */
		EC567E672D55FF57008D7EA9 = {
			isa = PBXGroup;
			children = (
				EC567E722D55FF57008D7EA9 /* CustomCalendar */,
				EC567E832D55FF58008D7EA9 /* CustomCalendarTests */,
				EC567E8D2D55FF58008D7EA9 /* CustomCalendarUITests */,
				EC567E712D55FF57008D7EA9 /* Products */,
			);
			sourceTree = "<group>";
		};
		EC567E712D55FF57008D7EA9 /* Products */ = {
			isa = PBXGroup;
			children = (
				EC567E702D55FF57008D7EA9 /* CustomCalendar.app */,
				EC567E802D55FF58008D7EA9 /* CustomCalendarTests.xctest */,
				EC567E8A2D55FF58008D7EA9 /* CustomCalendarUITests.xctest */,
			);
			name = Products;
			sourceTree = "<group>";
		};
/* End PBXGroup section */

/* Begin PBXNativeTarget section */
		EC567E6F2D55FF57008D7EA9 /* CustomCalendar */ = {
			isa = PBXNativeTarget;
			buildConfigurationList = EC567E942D55FF58008D7EA9 /* Build configuration list for PBXNativeTarget "CustomCalendar" */;
			buildPhases = (
				EC567E6C2D55FF57008D7EA9 /* Sources */,
				EC567E6D2D55FF57008D7EA9 /* Frameworks */,
				EC567E6E2D55FF57008D7EA9 /* Resources */,
			);
			buildRules = (
			);
			dependencies = (
			);
			fileSystemSynchronizedGroups = (
				EC567E722D55FF57008D7EA9 /* CustomCalendar */,
			);
			name = CustomCalendar;
			packageProductDependencies = (
				EC8284FF2D5CCCBA00BEE6E5 /* DVFoundation */,
			);
			productName = CustomCalendar;
			productReference = EC567E702D55FF57008D7EA9 /* CustomCalendar.app */;
			productType = "com.apple.product-type.application";
		};
		EC567E7F2D55FF58008D7EA9 /* CustomCalendarTests */ = {
			isa = PBXNativeTarget;
			buildConfigurationList = EC567E972D55FF58008D7EA9 /* Build configuration list for PBXNativeTarget "CustomCalendarTests" */;
			buildPhases = (
				EC567E7C2D55FF58008D7EA9 /* Sources */,
				EC567E7D2D55FF58008D7EA9 /* Frameworks */,
				EC567E7E2D55FF58008D7EA9 /* Resources */,
			);
			buildRules = (
			);
			dependencies = (
				EC567E822D55FF58008D7EA9 /* PBXTargetDependency */,
			);
			fileSystemSynchronizedGroups = (
				EC567E832D55FF58008D7EA9 /* CustomCalendarTests */,
			);
			name = CustomCalendarTests;
			packageProductDependencies = (
			);
			productName = CustomCalendarTests;
			productReference = EC567E802D55FF58008D7EA9 /* CustomCalendarTests.xctest */;
			productType = "com.apple.product-type.bundle.unit-test";
		};
		EC567E892D55FF58008D7EA9 /* CustomCalendarUITests */ = {
			isa = PBXNativeTarget;
			buildConfigurationList = EC567E9A2D55FF58008D7EA9 /* Build configuration list for PBXNativeTarget "CustomCalendarUITests" */;
			buildPhases = (
				EC567E862D55FF58008D7EA9 /* Sources */,
				EC567E872D55FF58008D7EA9 /* Frameworks */,
				EC567E882D55FF58008D7EA9 /* Resources */,
			);
			buildRules = (
			);
			dependencies = (
				EC567E8C2D55FF58008D7EA9 /* PBXTargetDependency */,
			);
			fileSystemSynchronizedGroups = (
				EC567E8D2D55FF58008D7EA9 /* CustomCalendarUITests */,
			);
			name = CustomCalendarUITests;
			packageProductDependencies = (
			);
			productName = CustomCalendarUITests;
			productReference = EC567E8A2D55FF58008D7EA9 /* CustomCalendarUITests.xctest */;
			productType = "com.apple.product-type.bundle.ui-testing";
		};
/* End PBXNativeTarget section */

/* Begin PBXProject section */
		EC567E682D55FF57008D7EA9 /* Project object */ = {
			isa = PBXProject;
			attributes = {
				BuildIndependentTargetsInParallel = 1;
				LastSwiftUpdateCheck = 1620;
				LastUpgradeCheck = 1620;
				TargetAttributes = {
					EC567E6F2D55FF57008D7EA9 = {
						CreatedOnToolsVersion = 16.2;
					};
					EC567E7F2D55FF58008D7EA9 = {
						CreatedOnToolsVersion = 16.2;
						TestTargetID = EC567E6F2D55FF57008D7EA9;
					};
					EC567E892D55FF58008D7EA9 = {
						CreatedOnToolsVersion = 16.2;
						TestTargetID = EC567E6F2D55FF57008D7EA9;
					};
				};
			};
			buildConfigurationList = EC567E6B2D55FF57008D7EA9 /* Build configuration list for PBXProject "CustomCalendar" */;
			developmentRegion = en;
			hasScannedForEncodings = 0;
			knownRegions = (
				en,
				Base,
			);
			mainGroup = EC567E672D55FF57008D7EA9;
			minimizedProjectReferenceProxies = 1;
			packageReferences = (
				EC8284FE2D5CCCBA00BEE6E5 /* XCRemoteSwiftPackageReference "dvutility" */,
			);
			preferredProjectObjectVersion = 77;
			productRefGroup = EC567E712D55FF57008D7EA9 /* Products */;
			projectDirPath = "";
			projectRoot = "";
			targets = (
				EC567E6F2D55FF57008D7EA9 /* CustomCalendar */,
				EC567E7F2D55FF58008D7EA9 /* CustomCalendarTests */,
				EC567E892D55FF58008D7EA9 /* CustomCalendarUITests */,
			);
		};
/* End PBXProject section */

/* Begin PBXResourcesBuildPhase section */
		EC567E6E2D55FF57008D7EA9 /* Resources */ = {
			isa = PBXResourcesBuildPhase;
			buildActionMask = 2147483647;
			files = (
			);
			runOnlyForDeploymentPostprocessing = 0;
		};
		EC567E7E2D55FF58008D7EA9 /* Resources */ = {
			isa = PBXResourcesBuildPhase;
			buildActionMask = 2147483647;
			files = (
			);
			runOnlyForDeploymentPostprocessing = 0;
		};
		EC567E882D55FF58008D7EA9 /* Resources */ = {
			isa = PBXResourcesBuildPhase;
			buildActionMask = 2147483647;
			files = (
			);
			runOnlyForDeploymentPostprocessing = 0;
		};
/* End PBXResourcesBuildPhase section */

/* Begin PBXSourcesBuildPhase section */
		EC567E6C2D55FF57008D7EA9 /* Sources */ = {
			isa = PBXSourcesBuildPhase;
			buildActionMask = 2147483647;
			files = (
			);
			runOnlyForDeploymentPostprocessing = 0;
		};
		EC567E7C2D55FF58008D7EA9 /* Sources */ = {
			isa = PBXSourcesBuildPhase;
			buildActionMask = 2147483647;
			files = (
			);
			runOnlyForDeploymentPostprocessing = 0;
		};
		EC567E862D55FF58008D7EA9 /* Sources */ = {
			isa = PBXSourcesBuildPhase;
			buildActionMask = 2147483647;
			files = (
			);
			runOnlyForDeploymentPostprocessing = 0;
		};
/* End PBXSourcesBuildPhase section */

/* Begin PBXTargetDependency section */
		EC567E822D55FF58008D7EA9 /* PBXTargetDependency */ = {
			isa = PBXTargetDependency;
			target = EC567E6F2D55FF57008D7EA9 /* CustomCalendar */;
			targetProxy = EC567E812D55FF58008D7EA9 /* PBXContainerItemProxy */;
		};
		EC567E8C2D55FF58008D7EA9 /* PBXTargetDependency */ = {
			isa = PBXTargetDependency;
			target = EC567E6F2D55FF57008D7EA9 /* CustomCalendar */;
			targetProxy = EC567E8B2D55FF58008D7EA9 /* PBXContainerItemProxy */;
		};
/* End PBXTargetDependency section */

/* Begin XCBuildConfiguration section */
		EC567E922D55FF58008D7EA9 /* Debug */ = {
			isa = XCBuildConfiguration;
			buildSettings = {
				ALWAYS_SEARCH_USER_PATHS = NO;
				ASSETCATALOG_COMPILER_GENERATE_SWIFT_ASSET_SYMBOL_EXTENSIONS = YES;
				CLANG_ANALYZER_NONNULL = YES;
				CLANG_ANALYZER_NUMBER_OBJECT_CONVERSION = YES_AGGRESSIVE;
				CLANG_CXX_LANGUAGE_STANDARD = "gnu++20";
				CLANG_ENABLE_MODULES = YES;
				CLANG_ENABLE_OBJC_ARC = YES;
				CLANG_ENABLE_OBJC_WEAK = YES;
				CLANG_WARN_BLOCK_CAPTURE_AUTORELEASING = YES;
				CLANG_WARN_BOOL_CONVERSION = YES;
				CLANG_WARN_COMMA = YES;
				CLANG_WARN_CONSTANT_CONVERSION = YES;
				CLANG_WARN_DEPRECATED_OBJC_IMPLEMENTATIONS = YES;
				CLANG_WARN_DIRECT_OBJC_ISA_USAGE = YES_ERROR;
				CLANG_WARN_DOCUMENTATION_COMMENTS = YES;
				CLANG_WARN_EMPTY_BODY = YES;
				CLANG_WARN_ENUM_CONVERSION = YES;
				CLANG_WARN_INFINITE_RECURSION = YES;
				CLANG_WARN_INT_CONVERSION = YES;
				CLANG_WARN_NON_LITERAL_NULL_CONVERSION = YES;
				CLANG_WARN_OBJC_IMPLICIT_RETAIN_SELF = YES;
				CLANG_WARN_OBJC_LITERAL_CONVERSION = YES;
				CLANG_WARN_OBJC_ROOT_CLASS = YES_ERROR;
				CLANG_WARN_QUOTED_INCLUDE_IN_FRAMEWORK_HEADER = YES;
				CLANG_WARN_RANGE_LOOP_ANALYSIS = YES;
				CLANG_WARN_STRICT_PROTOTYPES = YES;
				CLANG_WARN_SUSPICIOUS_MOVE = YES;
				CLANG_WARN_UNGUARDED_AVAILABILITY = YES_AGGRESSIVE;
				CLANG_WARN_UNREACHABLE_CODE = YES;
				CLANG_WARN__DUPLICATE_METHOD_MATCH = YES;
				COPY_PHASE_STRIP = NO;
				DEBUG_INFORMATION_FORMAT = dwarf;
				ENABLE_STRICT_OBJC_MSGSEND = YES;
				ENABLE_TESTABILITY = YES;
				ENABLE_USER_SCRIPT_SANDBOXING = YES;
				GCC_C_LANGUAGE_STANDARD = gnu17;
				GCC_DYNAMIC_NO_PIC = NO;
				GCC_NO_COMMON_BLOCKS = YES;
				GCC_OPTIMIZATION_LEVEL = 0;
				GCC_PREPROCESSOR_DEFINITIONS = (
					"DEBUG=1",
					"$(inherited)",
				);
				GCC_WARN_64_TO_32_BIT_CONVERSION = YES;
				GCC_WARN_ABOUT_RETURN_TYPE = YES_ERROR;
				GCC_WARN_UNDECLARED_SELECTOR = YES;
				GCC_WARN_UNINITIALIZED_AUTOS = YES_AGGRESSIVE;
				GCC_WARN_UNUSED_FUNCTION = YES;
				GCC_WARN_UNUSED_VARIABLE = YES;
				IPHONEOS_DEPLOYMENT_TARGET = 18.2;
				LOCALIZATION_PREFERS_STRING_CATALOGS = YES;
				MTL_ENABLE_DEBUG_INFO = INCLUDE_SOURCE;
				MTL_FAST_MATH = YES;
				ONLY_ACTIVE_ARCH = YES;
				SDKROOT = iphoneos;
				SWIFT_ACTIVE_COMPILATION_CONDITIONS = "DEBUG $(inherited)";
				SWIFT_OPTIMIZATION_LEVEL = "-Onone";
			};
			name = Debug;
		};
		EC567E932D55FF58008D7EA9 /* Release */ = {
			isa = XCBuildConfiguration;
			buildSettings = {
				ALWAYS_SEARCH_USER_PATHS = NO;
				ASSETCATALOG_COMPILER_GENERATE_SWIFT_ASSET_SYMBOL_EXTENSIONS = YES;
				CLANG_ANALYZER_NONNULL = YES;
				CLANG_ANALYZER_NUMBER_OBJECT_CONVERSION = YES_AGGRESSIVE;
				CLANG_CXX_LANGUAGE_STANDARD = "gnu++20";
				CLANG_ENABLE_MODULES = YES;
				CLANG_ENABLE_OBJC_ARC = YES;
				CLANG_ENABLE_OBJC_WEAK = YES;
				CLANG_WARN_BLOCK_CAPTURE_AUTORELEASING = YES;
				CLANG_WARN_BOOL_CONVERSION = YES;
				CLANG_WARN_COMMA = YES;
				CLANG_WARN_CONSTANT_CONVERSION = YES;
				CLANG_WARN_DEPRECATED_OBJC_IMPLEMENTATIONS = YES;
				CLANG_WARN_DIRECT_OBJC_ISA_USAGE = YES_ERROR;
				CLANG_WARN_DOCUMENTATION_COMMENTS = YES;
				CLANG_WARN_EMPTY_BODY = YES;
				CLANG_WARN_ENUM_CONVERSION = YES;
				CLANG_WARN_INFINITE_RECURSION = YES;
				CLANG_WARN_INT_CONVERSION = YES;
				CLANG_WARN_NON_LITERAL_NULL_CONVERSION = YES;
				CLANG_WARN_OBJC_IMPLICIT_RETAIN_SELF = YES;
				CLANG_WARN_OBJC_LITERAL_CONVERSION = YES;
				CLANG_WARN_OBJC_ROOT_CLASS = YES_ERROR;
				CLANG_WARN_QUOTED_INCLUDE_IN_FRAMEWORK_HEADER = YES;
				CLANG_WARN_RANGE_LOOP_ANALYSIS = YES;
				CLANG_WARN_STRICT_PROTOTYPES = YES;
				CLANG_WARN_SUSPICIOUS_MOVE = YES;
				CLANG_WARN_UNGUARDED_AVAILABILITY = YES_AGGRESSIVE;
				CLANG_WARN_UNREACHABLE_CODE = YES;
				CLANG_WARN__DUPLICATE_METHOD_MATCH = YES;
				COPY_PHASE_STRIP = NO;
				DEBUG_INFORMATION_FORMAT = "dwarf-with-dsym";
				ENABLE_NS_ASSERTIONS = NO;
				ENABLE_STRICT_OBJC_MSGSEND = YES;
				ENABLE_USER_SCRIPT_SANDBOXING = YES;
				GCC_C_LANGUAGE_STANDARD = gnu17;
				GCC_NO_COMMON_BLOCKS = YES;
				GCC_WARN_64_TO_32_BIT_CONVERSION = YES;
				GCC_WARN_ABOUT_RETURN_TYPE = YES_ERROR;
				GCC_WARN_UNDECLARED_SELECTOR = YES;
				GCC_WARN_UNINITIALIZED_AUTOS = YES_AGGRESSIVE;
				GCC_WARN_UNUSED_FUNCTION = YES;
				GCC_WARN_UNUSED_VARIABLE = YES;
				IPHONEOS_DEPLOYMENT_TARGET = 18.2;
				LOCALIZATION_PREFERS_STRING_CATALOGS = YES;
				MTL_ENABLE_DEBUG_INFO = NO;
				MTL_FAST_MATH = YES;
				SDKROOT = iphoneos;
				SWIFT_COMPILATION_MODE = wholemodule;
				VALIDATE_PRODUCT = YES;
			};
			name = Release;
		};
		EC567E952D55FF58008D7EA9 /* Debug */ = {
			isa = XCBuildConfiguration;
			buildSettings = {
				ASSETCATALOG_COMPILER_APPICON_NAME = AppIcon;
				ASSETCATALOG_COMPILER_GLOBAL_ACCENT_COLOR_NAME = AccentColor;
				CODE_SIGN_STYLE = Automatic;
				CURRENT_PROJECT_VERSION = 1;
				DEVELOPMENT_ASSET_PATHS = "\"CustomCalendar/Preview Content\"";
				ENABLE_PREVIEWS = YES;
				GENERATE_INFOPLIST_FILE = YES;
				INFOPLIST_KEY_UIApplicationSceneManifest_Generation = YES;
				INFOPLIST_KEY_UIApplicationSupportsIndirectInputEvents = YES;
				INFOPLIST_KEY_UILaunchScreen_Generation = YES;
				INFOPLIST_KEY_UISupportedInterfaceOrientations_iPad = "UIInterfaceOrientationPortrait UIInterfaceOrientationPortraitUpsideDown UIInterfaceOrientationLandscapeLeft UIInterfaceOrientationLandscapeRight";
				INFOPLIST_KEY_UISupportedInterfaceOrientations_iPhone = "UIInterfaceOrientationPortrait UIInterfaceOrientationLandscapeLeft UIInterfaceOrientationLandscapeRight";
				IPHONEOS_DEPLOYMENT_TARGET = 17;
				LD_RUNPATH_SEARCH_PATHS = (
					"$(inherited)",
					"@executable_path/Frameworks",
				);
				MARKETING_VERSION = 1.0;
				PRODUCT_BUNDLE_IDENTIFIER = "DigiValet-Tanmay-test.CustomCalendar";
				PRODUCT_NAME = "$(TARGET_NAME)";
				SWIFT_EMIT_LOC_STRINGS = YES;
				SWIFT_VERSION = 5.0;
				TARGETED_DEVICE_FAMILY = "1,2";
			};
			name = Debug;
		};
		EC567E962D55FF58008D7EA9 /* Release */ = {
			isa = XCBuildConfiguration;
			buildSettings = {
				ASSETCATALOG_COMPILER_APPICON_NAME = AppIcon;
				ASSETCATALOG_COMPILER_GLOBAL_ACCENT_COLOR_NAME = AccentColor;
				CODE_SIGN_STYLE = Automatic;
				CURRENT_PROJECT_VERSION = 1;
				DEVELOPMENT_ASSET_PATHS = "\"CustomCalendar/Preview Content\"";
				ENABLE_PREVIEWS = YES;
				GENERATE_INFOPLIST_FILE = YES;
				INFOPLIST_KEY_UIApplicationSceneManifest_Generation = YES;
				INFOPLIST_KEY_UIApplicationSupportsIndirectInputEvents = YES;
				INFOPLIST_KEY_UILaunchScreen_Generation = YES;
				INFOPLIST_KEY_UISupportedInterfaceOrientations_iPad = "UIInterfaceOrientationPortrait UIInterfaceOrientationPortraitUpsideDown UIInterfaceOrientationLandscapeLeft UIInterfaceOrientationLandscapeRight";
				INFOPLIST_KEY_UISupportedInterfaceOrientations_iPhone = "UIInterfaceOrientationPortrait UIInterfaceOrientationLandscapeLeft UIInterfaceOrientationLandscapeRight";
				IPHONEOS_DEPLOYMENT_TARGET = 17;
				LD_RUNPATH_SEARCH_PATHS = (
					"$(inherited)",
					"@executable_path/Frameworks",
				);
				MARKETING_VERSION = 1.0;
				PRODUCT_BUNDLE_IDENTIFIER = "DigiValet-Tanmay-test.CustomCalendar";
				PRODUCT_NAME = "$(TARGET_NAME)";
				SWIFT_EMIT_LOC_STRINGS = YES;
				SWIFT_VERSION = 5.0;
				TARGETED_DEVICE_FAMILY = "1,2";
			};
			name = Release;
		};
		EC567E982D55FF58008D7EA9 /* Debug */ = {
			isa = XCBuildConfiguration;
			buildSettings = {
				BUNDLE_LOADER = "$(TEST_HOST)";
				CODE_SIGN_STYLE = Automatic;
				CURRENT_PROJECT_VERSION = 1;
				GENERATE_INFOPLIST_FILE = YES;
				IPHONEOS_DEPLOYMENT_TARGET = 18.2;
				MARKETING_VERSION = 1.0;
				PRODUCT_BUNDLE_IDENTIFIER = "DigiValet-Tanmay-test.CustomCalendarTests";
				PRODUCT_NAME = "$(TARGET_NAME)";
				SWIFT_EMIT_LOC_STRINGS = NO;
				SWIFT_VERSION = 5.0;
				TARGETED_DEVICE_FAMILY = "1,2";
				TEST_HOST = "$(BUILT_PRODUCTS_DIR)/CustomCalendar.app/$(BUNDLE_EXECUTABLE_FOLDER_PATH)/CustomCalendar";
			};
			name = Debug;
		};
		EC567E992D55FF58008D7EA9 /* Release */ = {
			isa = XCBuildConfiguration;
			buildSettings = {
				BUNDLE_LOADER = "$(TEST_HOST)";
				CODE_SIGN_STYLE = Automatic;
				CURRENT_PROJECT_VERSION = 1;
				GENERATE_INFOPLIST_FILE = YES;
				IPHONEOS_DEPLOYMENT_TARGET = 18.2;
				MARKETING_VERSION = 1.0;
				PRODUCT_BUNDLE_IDENTIFIER = "DigiValet-Tanmay-test.CustomCalendarTests";
				PRODUCT_NAME = "$(TARGET_NAME)";
				SWIFT_EMIT_LOC_STRINGS = NO;
				SWIFT_VERSION = 5.0;
				TARGETED_DEVICE_FAMILY = "1,2";
				TEST_HOST = "$(BUILT_PRODUCTS_DIR)/CustomCalendar.app/$(BUNDLE_EXECUTABLE_FOLDER_PATH)/CustomCalendar";
			};
			name = Release;
		};
		EC567E9B2D55FF58008D7EA9 /* Debug */ = {
			isa = XCBuildConfiguration;
			buildSettings = {
				CODE_SIGN_STYLE = Automatic;
				CURRENT_PROJECT_VERSION = 1;
				GENERATE_INFOPLIST_FILE = YES;
				MARKETING_VERSION = 1.0;
				PRODUCT_BUNDLE_IDENTIFIER = "DigiValet-Tanmay-test.CustomCalendarUITests";
				PRODUCT_NAME = "$(TARGET_NAME)";
				SWIFT_EMIT_LOC_STRINGS = NO;
				SWIFT_VERSION = 5.0;
				TARGETED_DEVICE_FAMILY = "1,2";
				TEST_TARGET_NAME = CustomCalendar;
			};
			name = Debug;
		};
		EC567E9C2D55FF58008D7EA9 /* Release */ = {
			isa = XCBuildConfiguration;
			buildSettings = {
				CODE_SIGN_STYLE = Automatic;
				CURRENT_PROJECT_VERSION = 1;
				GENERATE_INFOPLIST_FILE = YES;
				MARKETING_VERSION = 1.0;
				PRODUCT_BUNDLE_IDENTIFIER = "DigiValet-Tanmay-test.CustomCalendarUITests";
				PRODUCT_NAME = "$(TARGET_NAME)";
				SWIFT_EMIT_LOC_STRINGS = NO;
				SWIFT_VERSION = 5.0;
				TARGETED_DEVICE_FAMILY = "1,2";
				TEST_TARGET_NAME = CustomCalendar;
			};
			name = Release;
		};
/* End XCBuildConfiguration section */

/* Begin XCConfigurationList section */
		EC567E6B2D55FF57008D7EA9 /* Build configuration list for PBXProject "CustomCalendar" */ = {
			isa = XCConfigurationList;
			buildConfigurations = (
				EC567E922D55FF58008D7EA9 /* Debug */,
				EC567E932D55FF58008D7EA9 /* Release */,
			);
			defaultConfigurationIsVisible = 0;
			defaultConfigurationName = Release;
		};
		EC567E942D55FF58008D7EA9 /* Build configuration list for PBXNativeTarget "CustomCalendar" */ = {
			isa = XCConfigurationList;
			buildConfigurations = (
				EC567E952D55FF58008D7EA9 /* Debug */,
				EC567E962D55FF58008D7EA9 /* Release */,
			);
			defaultConfigurationIsVisible = 0;
			defaultConfigurationName = Release;
		};
		EC567E972D55FF58008D7EA9 /* Build configuration list for PBXNativeTarget "CustomCalendarTests" */ = {
			isa = XCConfigurationList;
			buildConfigurations = (
				EC567E982D55FF58008D7EA9 /* Debug */,
				EC567E992D55FF58008D7EA9 /* Release */,
			);
			defaultConfigurationIsVisible = 0;
			defaultConfigurationName = Release;
		};
		EC567E9A2D55FF58008D7EA9 /* Build configuration list for PBXNativeTarget "CustomCalendarUITests" */ = {
			isa = XCConfigurationList;
			buildConfigurations = (
				EC567E9B2D55FF58008D7EA9 /* Debug */,
				EC567E9C2D55FF58008D7EA9 /* Release */,
			);
			defaultConfigurationIsVisible = 0;
			defaultConfigurationName = Release;
		};
/* End XCConfigurationList section */

/* Begin XCRemoteSwiftPackageReference section */
		EC8284FE2D5CCCBA00BEE6E5 /* XCRemoteSwiftPackageReference "dvutility" */ = {
			isa = XCRemoteSwiftPackageReference;
			repositoryURL = "https://dvgit.digivalet.com/scm/ip/dvutility.git";
			requirement = {
				kind = upToNextMajorVersion;
				minimumVersion = 1.1.6;
			};
		};
/* End XCRemoteSwiftPackageReference section */

/* Begin XCSwiftPackageProductDependency section */
		EC8284FF2D5CCCBA00BEE6E5 /* DVFoundation */ = {
			isa = XCSwiftPackageProductDependency;
			package = EC8284FE2D5CCCBA00BEE6E5 /* XCRemoteSwiftPackageReference "dvutility" */;
			productName = DVFoundation;
		};
/* End XCSwiftPackageProductDependency section */
	};
	rootObject = EC567E682D55FF57008D7EA9 /* Project object */;
}
